// !$*UTF8*$!
{
	archiveVersion = 1;
	classes = {
	};
	objectVersion = 46;
	objects = {

/* Begin PBXBuildFile section */
		607FACD61AFB9204008FA782 /* AppDelegate.swift in Sources */ = {isa = PBXBuildFile; fileRef = 607FACD51AFB9204008FA782 /* AppDelegate.swift */; };
		607FACD81AFB9204008FA782 /* ViewController.swift in Sources */ = {isa = PBXBuildFile; fileRef = 607FACD71AFB9204008FA782 /* ViewController.swift */; };
		607FACDB1AFB9204008FA782 /* Main.storyboard in Resources */ = {isa = PBXBuildFile; fileRef = 607FACD91AFB9204008FA782 /* Main.storyboard */; };
		607FACDD1AFB9204008FA782 /* Images.xcassets in Resources */ = {isa = PBXBuildFile; fileRef = 607FACDC1AFB9204008FA782 /* Images.xcassets */; };
		607FACE01AFB9204008FA782 /* LaunchScreen.xib in Resources */ = {isa = PBXBuildFile; fileRef = 607FACDE1AFB9204008FA782 /* LaunchScreen.xib */; };
		81D02CB4459D4DE399966A94 /* Pods_RxRetroSwift_Example.framework in Frameworks */ = {isa = PBXBuildFile; fileRef = 53F8AA220DEAA14D9325B254 /* Pods_RxRetroSwift_Example.framework */; };
		A60A3CF81FFE9BD900A2B078 /* APIClient.swift in Sources */ = {isa = PBXBuildFile; fileRef = A60A3CF71FFE9BD900A2B078 /* APIClient.swift */; };
		A60A3D001FFEA21700A2B078 /* User.swift in Sources */ = {isa = PBXBuildFile; fileRef = A60A3CFF1FFEA21700A2B078 /* User.swift */; };
		A60A3D021FFEA24900A2B078 /* ErrorModel.swift in Sources */ = {isa = PBXBuildFile; fileRef = A60A3D011FFEA24900A2B078 /* ErrorModel.swift */; };
		A60A3D0B1FFEA72700A2B078 /* Company.swift in Sources */ = {isa = PBXBuildFile; fileRef = A60A3D0A1FFEA72700A2B078 /* Company.swift */; };
		A60A3D0D1FFEA73600A2B078 /* Address.swift in Sources */ = {isa = PBXBuildFile; fileRef = A60A3D0C1FFEA73600A2B078 /* Address.swift */; };
		A60A3D151FFFC36D00A2B078 /* RxRetroSwift_Tests.swift in Sources */ = {isa = PBXBuildFile; fileRef = A60A3D141FFFC36D00A2B078 /* RxRetroSwift_Tests.swift */; };
		A60A3D1E1FFFC43100A2B078 /* Post.swift in Sources */ = {isa = PBXBuildFile; fileRef = A60A3D1D1FFFC43100A2B078 /* Post.swift */; };
		A60A3D201FFFC44600A2B078 /* Comment.swift in Sources */ = {isa = PBXBuildFile; fileRef = A60A3D1F1FFFC44600A2B078 /* Comment.swift */; };
		A60A3D221FFFC46900A2B078 /* Album.swift in Sources */ = {isa = PBXBuildFile; fileRef = A60A3D211FFFC46900A2B078 /* Album.swift */; };
		A60A3D241FFFC47B00A2B078 /* Photo.swift in Sources */ = {isa = PBXBuildFile; fileRef = A60A3D231FFFC47B00A2B078 /* Photo.swift */; };
		A60A3D261FFFC48900A2B078 /* Todo.swift in Sources */ = {isa = PBXBuildFile; fileRef = A60A3D251FFFC48900A2B078 /* Todo.swift */; };
		B1BAADC5107F8873484F5896 /* Pods_RxRetroSwift_Tests.framework in Frameworks */ = {isa = PBXBuildFile; fileRef = 1A2E8FA3929EDB07D012F76E /* Pods_RxRetroSwift_Tests.framework */; };
/* End PBXBuildFile section */

/* Begin PBXContainerItemProxy section */
		A60A3D171FFFC36D00A2B078 /* PBXContainerItemProxy */ = {
			isa = PBXContainerItemProxy;
			containerPortal = 607FACC81AFB9204008FA782 /* Project object */;
			proxyType = 1;
			remoteGlobalIDString = 607FACCF1AFB9204008FA782;
			remoteInfo = RxRetroSwift_Example;
		};
/* End PBXContainerItemProxy section */

/* Begin PBXFileReference section */
		1A2E8FA3929EDB07D012F76E /* Pods_RxRetroSwift_Tests.framework */ = {isa = PBXFileReference; explicitFileType = wrapper.framework; includeInIndex = 0; path = Pods_RxRetroSwift_Tests.framework; sourceTree = BUILT_PRODUCTS_DIR; };
		47BF8A6DD4E475ECDAA40672 /* README.md */ = {isa = PBXFileReference; includeInIndex = 1; lastKnownFileType = net.daringfireball.markdown; name = README.md; path = ../README.md; sourceTree = "<group>"; };
		490A8939BE21509EA953E4AE /* LICENSE */ = {isa = PBXFileReference; includeInIndex = 1; lastKnownFileType = text; name = LICENSE; path = ../LICENSE; sourceTree = "<group>"; };
		53F8AA220DEAA14D9325B254 /* Pods_RxRetroSwift_Example.framework */ = {isa = PBXFileReference; explicitFileType = wrapper.framework; includeInIndex = 0; path = Pods_RxRetroSwift_Example.framework; sourceTree = BUILT_PRODUCTS_DIR; };
		5AB0FD3FD740F0258CE23537 /* Pods-RxRetroSwift_Example.debug.xcconfig */ = {isa = PBXFileReference; includeInIndex = 1; lastKnownFileType = text.xcconfig; name = "Pods-RxRetroSwift_Example.debug.xcconfig"; path = "Pods/Target Support Files/Pods-RxRetroSwift_Example/Pods-RxRetroSwift_Example.debug.xcconfig"; sourceTree = "<group>"; };
		607FACD41AFB9204008FA782 /* Info.plist */ = {isa = PBXFileReference; lastKnownFileType = text.plist.xml; path = Info.plist; sourceTree = "<group>"; };
		607FACD51AFB9204008FA782 /* AppDelegate.swift */ = {isa = PBXFileReference; lastKnownFileType = sourcecode.swift; path = AppDelegate.swift; sourceTree = "<group>"; };
		607FACD71AFB9204008FA782 /* ViewController.swift */ = {isa = PBXFileReference; lastKnownFileType = sourcecode.swift; path = ViewController.swift; sourceTree = "<group>"; };
		607FACDA1AFB9204008FA782 /* Base */ = {isa = PBXFileReference; lastKnownFileType = file.storyboard; name = Base; path = Base.lproj/Main.storyboard; sourceTree = "<group>"; };
		607FACDC1AFB9204008FA782 /* Images.xcassets */ = {isa = PBXFileReference; lastKnownFileType = folder.assetcatalog; path = Images.xcassets; sourceTree = "<group>"; };
		607FACDF1AFB9204008FA782 /* Base */ = {isa = PBXFileReference; lastKnownFileType = file.xib; name = Base; path = Base.lproj/LaunchScreen.xib; sourceTree = "<group>"; };
		87209867DD4159F96FF94824 /* RxRetroSwift.podspec */ = {isa = PBXFileReference; includeInIndex = 1; lastKnownFileType = text; name = RxRetroSwift.podspec; path = ../RxRetroSwift.podspec; sourceTree = "<group>"; xcLanguageSpecificationIdentifier = xcode.lang.ruby; };
		A60A3CF71FFE9BD900A2B078 /* APIClient.swift */ = {isa = PBXFileReference; lastKnownFileType = sourcecode.swift; path = APIClient.swift; sourceTree = "<group>"; };
		A60A3CFF1FFEA21700A2B078 /* User.swift */ = {isa = PBXFileReference; lastKnownFileType = sourcecode.swift; path = User.swift; sourceTree = "<group>"; };
		A60A3D011FFEA24900A2B078 /* ErrorModel.swift */ = {isa = PBXFileReference; lastKnownFileType = sourcecode.swift; path = ErrorModel.swift; sourceTree = "<group>"; };
		A60A3D0A1FFEA72700A2B078 /* Company.swift */ = {isa = PBXFileReference; lastKnownFileType = sourcecode.swift; path = Company.swift; sourceTree = "<group>"; };
		A60A3D0C1FFEA73600A2B078 /* Address.swift */ = {isa = PBXFileReference; lastKnownFileType = sourcecode.swift; path = Address.swift; sourceTree = "<group>"; };
		A60A3D121FFFC36D00A2B078 /* RxRetroSwift_Tests.xctest */ = {isa = PBXFileReference; explicitFileType = wrapper.cfbundle; includeInIndex = 0; path = RxRetroSwift_Tests.xctest; sourceTree = BUILT_PRODUCTS_DIR; };
		A60A3D141FFFC36D00A2B078 /* RxRetroSwift_Tests.swift */ = {isa = PBXFileReference; lastKnownFileType = sourcecode.swift; path = RxRetroSwift_Tests.swift; sourceTree = "<group>"; };
		A60A3D161FFFC36D00A2B078 /* Info.plist */ = {isa = PBXFileReference; lastKnownFileType = text.plist.xml; path = Info.plist; sourceTree = "<group>"; };
		A60A3D1C1FFFC3CC00A2B078 /* RxRetroSwift_Example.app */ = {isa = PBXFileReference; explicitFileType = wrapper.application; includeInIndex = 0; path = RxRetroSwift_Example.app; sourceTree = BUILT_PRODUCTS_DIR; };
		A60A3D1D1FFFC43100A2B078 /* Post.swift */ = {isa = PBXFileReference; lastKnownFileType = sourcecode.swift; path = Post.swift; sourceTree = "<group>"; };
		A60A3D1F1FFFC44600A2B078 /* Comment.swift */ = {isa = PBXFileReference; lastKnownFileType = sourcecode.swift; path = Comment.swift; sourceTree = "<group>"; };
		A60A3D211FFFC46900A2B078 /* Album.swift */ = {isa = PBXFileReference; lastKnownFileType = sourcecode.swift; path = Album.swift; sourceTree = "<group>"; };
		A60A3D231FFFC47B00A2B078 /* Photo.swift */ = {isa = PBXFileReference; lastKnownFileType = sourcecode.swift; path = Photo.swift; sourceTree = "<group>"; };
		A60A3D251FFFC48900A2B078 /* Todo.swift */ = {isa = PBXFileReference; lastKnownFileType = sourcecode.swift; path = Todo.swift; sourceTree = "<group>"; };
		A91DB85C9B71B9B2E9EB2E83 /* Pods-RxRetroSwift_Tests.release.xcconfig */ = {isa = PBXFileReference; includeInIndex = 1; lastKnownFileType = text.xcconfig; name = "Pods-RxRetroSwift_Tests.release.xcconfig"; path = "Pods/Target Support Files/Pods-RxRetroSwift_Tests/Pods-RxRetroSwift_Tests.release.xcconfig"; sourceTree = "<group>"; };
		E5F3A02F2D8145F2CE325B3E /* Pods-RxRetroSwift_Tests.debug.xcconfig */ = {isa = PBXFileReference; includeInIndex = 1; lastKnownFileType = text.xcconfig; name = "Pods-RxRetroSwift_Tests.debug.xcconfig"; path = "Pods/Target Support Files/Pods-RxRetroSwift_Tests/Pods-RxRetroSwift_Tests.debug.xcconfig"; sourceTree = "<group>"; };
		EF9B5ADE7F9B0D6D52F6994A /* Pods-RxRetroSwift_Example.release.xcconfig */ = {isa = PBXFileReference; includeInIndex = 1; lastKnownFileType = text.xcconfig; name = "Pods-RxRetroSwift_Example.release.xcconfig"; path = "Pods/Target Support Files/Pods-RxRetroSwift_Example/Pods-RxRetroSwift_Example.release.xcconfig"; sourceTree = "<group>"; };
/* End PBXFileReference section */

/* Begin PBXFrameworksBuildPhase section */
		607FACCD1AFB9204008FA782 /* Frameworks */ = {
			isa = PBXFrameworksBuildPhase;
			buildActionMask = 2147483647;
			files = (
				81D02CB4459D4DE399966A94 /* Pods_RxRetroSwift_Example.framework in Frameworks */,
			);
			runOnlyForDeploymentPostprocessing = 0;
		};
		A60A3D0F1FFFC36D00A2B078 /* Frameworks */ = {
			isa = PBXFrameworksBuildPhase;
			buildActionMask = 2147483647;
			files = (
				B1BAADC5107F8873484F5896 /* Pods_RxRetroSwift_Tests.framework in Frameworks */,
			);
			runOnlyForDeploymentPostprocessing = 0;
		};
/* End PBXFrameworksBuildPhase section */

/* Begin PBXGroup section */
		5054F5B4101450B29C79027E /* Frameworks */ = {
			isa = PBXGroup;
			children = (
				53F8AA220DEAA14D9325B254 /* Pods_RxRetroSwift_Example.framework */,
				1A2E8FA3929EDB07D012F76E /* Pods_RxRetroSwift_Tests.framework */,
			);
			name = Frameworks;
			sourceTree = "<group>";
		};
		607FACC71AFB9204008FA782 = {
			isa = PBXGroup;
			children = (
				607FACF51AFB993E008FA782 /* Podspec Metadata */,
				607FACD21AFB9204008FA782 /* Example for RxRetroSwift */,
				A60A3D131FFFC36D00A2B078 /* RxRetroSwift_Tests */,
				A60A3D121FFFC36D00A2B078 /* RxRetroSwift_Tests.xctest */,
				A60A3D1C1FFFC3CC00A2B078 /* RxRetroSwift_Example.app */,
				A98475C55D6DF462688BC0C6 /* Pods */,
				5054F5B4101450B29C79027E /* Frameworks */,
			);
			sourceTree = "<group>";
		};
		607FACD21AFB9204008FA782 /* Example for RxRetroSwift */ = {
			isa = PBXGroup;
			children = (
				A60A3D051FFEA2A900A2B078 /* Models */,
				A60A3D041FFEA2A300A2B078 /* Services */,
				607FACD51AFB9204008FA782 /* AppDelegate.swift */,
				607FACD71AFB9204008FA782 /* ViewController.swift */,
				607FACD91AFB9204008FA782 /* Main.storyboard */,
				607FACDC1AFB9204008FA782 /* Images.xcassets */,
				607FACDE1AFB9204008FA782 /* LaunchScreen.xib */,
				607FACD31AFB9204008FA782 /* Supporting Files */,
			);
			name = "Example for RxRetroSwift";
			path = RxRetroSwift;
			sourceTree = "<group>";
		};
		607FACD31AFB9204008FA782 /* Supporting Files */ = {
			isa = PBXGroup;
			children = (
				607FACD41AFB9204008FA782 /* Info.plist */,
			);
			name = "Supporting Files";
			sourceTree = "<group>";
		};
		607FACF51AFB993E008FA782 /* Podspec Metadata */ = {
			isa = PBXGroup;
			children = (
				87209867DD4159F96FF94824 /* RxRetroSwift.podspec */,
				47BF8A6DD4E475ECDAA40672 /* README.md */,
				490A8939BE21509EA953E4AE /* LICENSE */,
			);
			name = "Podspec Metadata";
			sourceTree = "<group>";
		};
		A60A3D041FFEA2A300A2B078 /* Services */ = {
			isa = PBXGroup;
			children = (
				A60A3CF71FFE9BD900A2B078 /* APIClient.swift */,
			);
			path = Services;
			sourceTree = "<group>";
		};
		A60A3D051FFEA2A900A2B078 /* Models */ = {
			isa = PBXGroup;
			children = (
				A60A3CFF1FFEA21700A2B078 /* User.swift */,
				A60A3D011FFEA24900A2B078 /* ErrorModel.swift */,
				A60A3D0A1FFEA72700A2B078 /* Company.swift */,
				A60A3D0C1FFEA73600A2B078 /* Address.swift */,
				A60A3D1D1FFFC43100A2B078 /* Post.swift */,
				A60A3D1F1FFFC44600A2B078 /* Comment.swift */,
				A60A3D211FFFC46900A2B078 /* Album.swift */,
				A60A3D231FFFC47B00A2B078 /* Photo.swift */,
				A60A3D251FFFC48900A2B078 /* Todo.swift */,
			);
			path = Models;
			sourceTree = "<group>";
		};
		A60A3D131FFFC36D00A2B078 /* RxRetroSwift_Tests */ = {
			isa = PBXGroup;
			children = (
				A60A3D141FFFC36D00A2B078 /* RxRetroSwift_Tests.swift */,
				A60A3D161FFFC36D00A2B078 /* Info.plist */,
			);
			path = RxRetroSwift_Tests;
			sourceTree = "<group>";
		};
		A98475C55D6DF462688BC0C6 /* Pods */ = {
			isa = PBXGroup;
			children = (
				5AB0FD3FD740F0258CE23537 /* Pods-RxRetroSwift_Example.debug.xcconfig */,
				EF9B5ADE7F9B0D6D52F6994A /* Pods-RxRetroSwift_Example.release.xcconfig */,
				E5F3A02F2D8145F2CE325B3E /* Pods-RxRetroSwift_Tests.debug.xcconfig */,
				A91DB85C9B71B9B2E9EB2E83 /* Pods-RxRetroSwift_Tests.release.xcconfig */,
			);
			name = Pods;
			sourceTree = "<group>";
		};
/* End PBXGroup section */

/* Begin PBXNativeTarget section */
		607FACCF1AFB9204008FA782 /* RxRetroSwift_Example */ = {
			isa = PBXNativeTarget;
			buildConfigurationList = 607FACEF1AFB9204008FA782 /* Build configuration list for PBXNativeTarget "RxRetroSwift_Example" */;
			buildPhases = (
				329543B2587E9EF568FA99CD /* [CP] Check Pods Manifest.lock */,
				607FACCC1AFB9204008FA782 /* Sources */,
				607FACCD1AFB9204008FA782 /* Frameworks */,
				607FACCE1AFB9204008FA782 /* Resources */,
				4B63DF20284BF6B8F654C1FD /* [CP] Embed Pods Frameworks */,
			);
			buildRules = (
			);
			dependencies = (
			);
			name = RxRetroSwift_Example;
			productName = RxRetroSwift;
			productReference = A60A3D1C1FFFC3CC00A2B078 /* RxRetroSwift_Example.app */;
			productType = "com.apple.product-type.application";
		};
		A60A3D111FFFC36D00A2B078 /* RxRetroSwift_Tests */ = {
			isa = PBXNativeTarget;
			buildConfigurationList = A60A3D191FFFC36D00A2B078 /* Build configuration list for PBXNativeTarget "RxRetroSwift_Tests" */;
			buildPhases = (
				3570DD77A458DED97BDFB3AC /* [CP] Check Pods Manifest.lock */,
				A60A3D0E1FFFC36D00A2B078 /* Sources */,
				A60A3D0F1FFFC36D00A2B078 /* Frameworks */,
				A60A3D101FFFC36D00A2B078 /* Resources */,
				232C98766C5CC5FDBBF1E485 /* [CP] Embed Pods Frameworks */,
			);
			buildRules = (
			);
			dependencies = (
				A60A3D181FFFC36D00A2B078 /* PBXTargetDependency */,
			);
			name = RxRetroSwift_Tests;
			productName = RxRetroSwift_Tests;
			productReference = A60A3D121FFFC36D00A2B078 /* RxRetroSwift_Tests.xctest */;
			productType = "com.apple.product-type.bundle.unit-test";
		};
/* End PBXNativeTarget section */

/* Begin PBXProject section */
		607FACC81AFB9204008FA782 /* Project object */ = {
			isa = PBXProject;
			attributes = {
				LastSwiftUpdateCheck = 0920;
				LastUpgradeCheck = 0830;
				ORGANIZATIONNAME = CocoaPods;
				TargetAttributes = {
					607FACCF1AFB9204008FA782 = {
						CreatedOnToolsVersion = 6.3.1;
						LastSwiftMigration = 0900;
						ProvisioningStyle = Manual;
					};
					A60A3D111FFFC36D00A2B078 = {
						CreatedOnToolsVersion = 9.2;
						ProvisioningStyle = Automatic;
						TestTargetID = 607FACCF1AFB9204008FA782;
					};
				};
			};
			buildConfigurationList = 607FACCB1AFB9204008FA782 /* Build configuration list for PBXProject "RxRetroSwift" */;
			compatibilityVersion = "Xcode 3.2";
			developmentRegion = English;
			hasScannedForEncodings = 0;
			knownRegions = (
				English,
				en,
				Base,
			);
			mainGroup = 607FACC71AFB9204008FA782;
			productRefGroup = 607FACC71AFB9204008FA782;
			projectDirPath = "";
			projectRoot = "";
			targets = (
				607FACCF1AFB9204008FA782 /* RxRetroSwift_Example */,
				A60A3D111FFFC36D00A2B078 /* RxRetroSwift_Tests */,
			);
		};
/* End PBXProject section */

/* Begin PBXResourcesBuildPhase section */
		607FACCE1AFB9204008FA782 /* Resources */ = {
			isa = PBXResourcesBuildPhase;
			buildActionMask = 2147483647;
			files = (
				607FACDB1AFB9204008FA782 /* Main.storyboard in Resources */,
				607FACE01AFB9204008FA782 /* LaunchScreen.xib in Resources */,
				607FACDD1AFB9204008FA782 /* Images.xcassets in Resources */,
			);
			runOnlyForDeploymentPostprocessing = 0;
		};
		A60A3D101FFFC36D00A2B078 /* Resources */ = {
			isa = PBXResourcesBuildPhase;
			buildActionMask = 2147483647;
			files = (
			);
			runOnlyForDeploymentPostprocessing = 0;
		};
/* End PBXResourcesBuildPhase section */

/* Begin PBXShellScriptBuildPhase section */
		232C98766C5CC5FDBBF1E485 /* [CP] Embed Pods Frameworks */ = {
			isa = PBXShellScriptBuildPhase;
			buildActionMask = 2147483647;
			files = (
			);
			inputPaths = (
				"${PODS_ROOT}/Target Support Files/Pods-RxRetroSwift_Tests/Pods-RxRetroSwift_Tests-frameworks.sh",
				"${BUILT_PRODUCTS_DIR}/RxSwift/RxSwift.framework",
				"${BUILT_PRODUCTS_DIR}/Nimble/Nimble.framework",
				"${BUILT_PRODUCTS_DIR}/Quick/Quick.framework",
				"${BUILT_PRODUCTS_DIR}/RxBlocking/RxBlocking.framework",
				"${BUILT_PRODUCTS_DIR}/RxNimble/RxNimble.framework",
			);
			name = "[CP] Embed Pods Frameworks";
			outputPaths = (
				"${TARGET_BUILD_DIR}/${FRAMEWORKS_FOLDER_PATH}/RxSwift.framework",
				"${TARGET_BUILD_DIR}/${FRAMEWORKS_FOLDER_PATH}/Nimble.framework",
				"${TARGET_BUILD_DIR}/${FRAMEWORKS_FOLDER_PATH}/Quick.framework",
				"${TARGET_BUILD_DIR}/${FRAMEWORKS_FOLDER_PATH}/RxBlocking.framework",
				"${TARGET_BUILD_DIR}/${FRAMEWORKS_FOLDER_PATH}/RxNimble.framework",
			);
			runOnlyForDeploymentPostprocessing = 0;
			shellPath = /bin/sh;
			shellScript = "\"${PODS_ROOT}/Target Support Files/Pods-RxRetroSwift_Tests/Pods-RxRetroSwift_Tests-frameworks.sh\"\n";
			showEnvVarsInLog = 0;
		};
		329543B2587E9EF568FA99CD /* [CP] Check Pods Manifest.lock */ = {
			isa = PBXShellScriptBuildPhase;
			buildActionMask = 2147483647;
			files = (
			);
			inputFileListPaths = (
			);
			inputPaths = (
				"${PODS_PODFILE_DIR_PATH}/Podfile.lock",
				"${PODS_ROOT}/Manifest.lock",
			);
			name = "[CP] Check Pods Manifest.lock";
			outputFileListPaths = (
			);
			outputPaths = (
				"$(DERIVED_FILE_DIR)/Pods-RxRetroSwift_Example-checkManifestLockResult.txt",
			);
			runOnlyForDeploymentPostprocessing = 0;
			shellPath = /bin/sh;
			shellScript = "diff \"${PODS_PODFILE_DIR_PATH}/Podfile.lock\" \"${PODS_ROOT}/Manifest.lock\" > /dev/null\nif [ $? != 0 ] ; then\n    # print error to STDERR\n    echo \"error: The sandbox is not in sync with the Podfile.lock. Run 'pod install' or update your CocoaPods installation.\" >&2\n    exit 1\nfi\n# This output is used by Xcode 'outputs' to avoid re-running this script phase.\necho \"SUCCESS\" > \"${SCRIPT_OUTPUT_FILE_0}\"\n";
			showEnvVarsInLog = 0;
		};
		3570DD77A458DED97BDFB3AC /* [CP] Check Pods Manifest.lock */ = {
			isa = PBXShellScriptBuildPhase;
			buildActionMask = 2147483647;
			files = (
			);
			inputFileListPaths = (
			);
			inputPaths = (
				"${PODS_PODFILE_DIR_PATH}/Podfile.lock",
				"${PODS_ROOT}/Manifest.lock",
			);
			name = "[CP] Check Pods Manifest.lock";
			outputFileListPaths = (
			);
			outputPaths = (
				"$(DERIVED_FILE_DIR)/Pods-RxRetroSwift_Tests-checkManifestLockResult.txt",
			);
			runOnlyForDeploymentPostprocessing = 0;
			shellPath = /bin/sh;
			shellScript = "diff \"${PODS_PODFILE_DIR_PATH}/Podfile.lock\" \"${PODS_ROOT}/Manifest.lock\" > /dev/null\nif [ $? != 0 ] ; then\n    # print error to STDERR\n    echo \"error: The sandbox is not in sync with the Podfile.lock. Run 'pod install' or update your CocoaPods installation.\" >&2\n    exit 1\nfi\n# This output is used by Xcode 'outputs' to avoid re-running this script phase.\necho \"SUCCESS\" > \"${SCRIPT_OUTPUT_FILE_0}\"\n";
			showEnvVarsInLog = 0;
		};
		4B63DF20284BF6B8F654C1FD /* [CP] Embed Pods Frameworks */ = {
			isa = PBXShellScriptBuildPhase;
			buildActionMask = 2147483647;
			files = (
			);
			inputPaths = (
				"${PODS_ROOT}/Target Support Files/Pods-RxRetroSwift_Example/Pods-RxRetroSwift_Example-frameworks.sh",
				"${BUILT_PRODUCTS_DIR}/RxCocoa/RxCocoa.framework",
				"${BUILT_PRODUCTS_DIR}/RxRelay/RxRelay.framework",
				"${BUILT_PRODUCTS_DIR}/RxRetroSwift/RxRetroSwift.framework",
				"${BUILT_PRODUCTS_DIR}/RxSwift/RxSwift.framework",
			);
			name = "[CP] Embed Pods Frameworks";
			outputPaths = (
				"${TARGET_BUILD_DIR}/${FRAMEWORKS_FOLDER_PATH}/RxCocoa.framework",
				"${TARGET_BUILD_DIR}/${FRAMEWORKS_FOLDER_PATH}/RxRelay.framework",
				"${TARGET_BUILD_DIR}/${FRAMEWORKS_FOLDER_PATH}/RxRetroSwift.framework",
				"${TARGET_BUILD_DIR}/${FRAMEWORKS_FOLDER_PATH}/RxSwift.framework",
			);
			runOnlyForDeploymentPostprocessing = 0;
			shellPath = /bin/sh;
			shellScript = "\"${PODS_ROOT}/Target Support Files/Pods-RxRetroSwift_Example/Pods-RxRetroSwift_Example-frameworks.sh\"\n";
			showEnvVarsInLog = 0;
		};
/* End PBXShellScriptBuildPhase section */

/* Begin PBXSourcesBuildPhase section */
		607FACCC1AFB9204008FA782 /* Sources */ = {
			isa = PBXSourcesBuildPhase;
			buildActionMask = 2147483647;
			files = (
				A60A3D241FFFC47B00A2B078 /* Photo.swift in Sources */,
				A60A3D021FFEA24900A2B078 /* ErrorModel.swift in Sources */,
				A60A3D001FFEA21700A2B078 /* User.swift in Sources */,
				607FACD81AFB9204008FA782 /* ViewController.swift in Sources */,
				607FACD61AFB9204008FA782 /* AppDelegate.swift in Sources */,
				A60A3D0B1FFEA72700A2B078 /* Company.swift in Sources */,
				A60A3D201FFFC44600A2B078 /* Comment.swift in Sources */,
				A60A3CF81FFE9BD900A2B078 /* APIClient.swift in Sources */,
				A60A3D1E1FFFC43100A2B078 /* Post.swift in Sources */,
				A60A3D221FFFC46900A2B078 /* Album.swift in Sources */,
				A60A3D0D1FFEA73600A2B078 /* Address.swift in Sources */,
				A60A3D261FFFC48900A2B078 /* Todo.swift in Sources */,
			);
			runOnlyForDeploymentPostprocessing = 0;
		};
		A60A3D0E1FFFC36D00A2B078 /* Sources */ = {
			isa = PBXSourcesBuildPhase;
			buildActionMask = 2147483647;
			files = (
				A60A3D151FFFC36D00A2B078 /* RxRetroSwift_Tests.swift in Sources */,
			);
			runOnlyForDeploymentPostprocessing = 0;
		};
/* End PBXSourcesBuildPhase section */

/* Begin PBXTargetDependency section */
		A60A3D181FFFC36D00A2B078 /* PBXTargetDependency */ = {
			isa = PBXTargetDependency;
			target = 607FACCF1AFB9204008FA782 /* RxRetroSwift_Example */;
			targetProxy = A60A3D171FFFC36D00A2B078 /* PBXContainerItemProxy */;
		};
/* End PBXTargetDependency section */

/* Begin PBXVariantGroup section */
		607FACD91AFB9204008FA782 /* Main.storyboard */ = {
			isa = PBXVariantGroup;
			children = (
				607FACDA1AFB9204008FA782 /* Base */,
			);
			name = Main.storyboard;
			sourceTree = "<group>";
		};
		607FACDE1AFB9204008FA782 /* LaunchScreen.xib */ = {
			isa = PBXVariantGroup;
			children = (
				607FACDF1AFB9204008FA782 /* Base */,
			);
			name = LaunchScreen.xib;
			sourceTree = "<group>";
		};
/* End PBXVariantGroup section */

/* Begin XCBuildConfiguration section */
		607FACED1AFB9204008FA782 /* Debug */ = {
			isa = XCBuildConfiguration;
			buildSettings = {
				ALWAYS_SEARCH_USER_PATHS = NO;
				CLANG_CXX_LANGUAGE_STANDARD = "gnu++0x";
				CLANG_CXX_LIBRARY = "libc++";
				CLANG_ENABLE_MODULES = YES;
				CLANG_ENABLE_OBJC_ARC = YES;
				CLANG_WARN_BLOCK_CAPTURE_AUTORELEASING = YES;
				CLANG_WARN_BOOL_CONVERSION = YES;
				CLANG_WARN_COMMA = YES;
				CLANG_WARN_CONSTANT_CONVERSION = YES;
				CLANG_WARN_DIRECT_OBJC_ISA_USAGE = YES_ERROR;
				CLANG_WARN_EMPTY_BODY = YES;
				CLANG_WARN_ENUM_CONVERSION = YES;
				CLANG_WARN_INFINITE_RECURSION = YES;
				CLANG_WARN_INT_CONVERSION = YES;
				CLANG_WARN_NON_LITERAL_NULL_CONVERSION = YES;
				CLANG_WARN_OBJC_LITERAL_CONVERSION = YES;
				CLANG_WARN_OBJC_ROOT_CLASS = YES_ERROR;
				CLANG_WARN_RANGE_LOOP_ANALYSIS = YES;
				CLANG_WARN_STRICT_PROTOTYPES = YES;
				CLANG_WARN_SUSPICIOUS_MOVE = YES;
				CLANG_WARN_UNREACHABLE_CODE = YES;
				CLANG_WARN__DUPLICATE_METHOD_MATCH = YES;
				"CODE_SIGN_IDENTITY[sdk=iphoneos*]" = "iPhone Developer";
				COPY_PHASE_STRIP = NO;
				DEBUG_INFORMATION_FORMAT = "dwarf-with-dsym";
				ENABLE_STRICT_OBJC_MSGSEND = YES;
				ENABLE_TESTABILITY = YES;
				GCC_C_LANGUAGE_STANDARD = gnu99;
				GCC_DYNAMIC_NO_PIC = NO;
				GCC_NO_COMMON_BLOCKS = YES;
				GCC_OPTIMIZATION_LEVEL = 0;
				GCC_PREPROCESSOR_DEFINITIONS = (
					"DEBUG=1",
					"$(inherited)",
				);
				GCC_SYMBOLS_PRIVATE_EXTERN = NO;
				GCC_WARN_64_TO_32_BIT_CONVERSION = YES;
				GCC_WARN_ABOUT_RETURN_TYPE = YES_ERROR;
				GCC_WARN_UNDECLARED_SELECTOR = YES;
				GCC_WARN_UNINITIALIZED_AUTOS = YES_AGGRESSIVE;
				GCC_WARN_UNUSED_FUNCTION = YES;
				GCC_WARN_UNUSED_VARIABLE = YES;
				IPHONEOS_DEPLOYMENT_TARGET = 9.3;
				MTL_ENABLE_DEBUG_INFO = YES;
				ONLY_ACTIVE_ARCH = YES;
				SDKROOT = iphoneos;
				SWIFT_OPTIMIZATION_LEVEL = "-Onone";
			};
			name = Debug;
		};
		607FACEE1AFB9204008FA782 /* Release */ = {
			isa = XCBuildConfiguration;
			buildSettings = {
				ALWAYS_SEARCH_USER_PATHS = NO;
				CLANG_CXX_LANGUAGE_STANDARD = "gnu++0x";
				CLANG_CXX_LIBRARY = "libc++";
				CLANG_ENABLE_MODULES = YES;
				CLANG_ENABLE_OBJC_ARC = YES;
				CLANG_WARN_BLOCK_CAPTURE_AUTORELEASING = YES;
				CLANG_WARN_BOOL_CONVERSION = YES;
				CLANG_WARN_COMMA = YES;
				CLANG_WARN_CONSTANT_CONVERSION = YES;
				CLANG_WARN_DIRECT_OBJC_ISA_USAGE = YES_ERROR;
				CLANG_WARN_EMPTY_BODY = YES;
				CLANG_WARN_ENUM_CONVERSION = YES;
				CLANG_WARN_INFINITE_RECURSION = YES;
				CLANG_WARN_INT_CONVERSION = YES;
				CLANG_WARN_NON_LITERAL_NULL_CONVERSION = YES;
				CLANG_WARN_OBJC_LITERAL_CONVERSION = YES;
				CLANG_WARN_OBJC_ROOT_CLASS = YES_ERROR;
				CLANG_WARN_RANGE_LOOP_ANALYSIS = YES;
				CLANG_WARN_STRICT_PROTOTYPES = YES;
				CLANG_WARN_SUSPICIOUS_MOVE = YES;
				CLANG_WARN_UNREACHABLE_CODE = YES;
				CLANG_WARN__DUPLICATE_METHOD_MATCH = YES;
				"CODE_SIGN_IDENTITY[sdk=iphoneos*]" = "iPhone Developer";
				COPY_PHASE_STRIP = NO;
				DEBUG_INFORMATION_FORMAT = "dwarf-with-dsym";
				ENABLE_NS_ASSERTIONS = NO;
				ENABLE_STRICT_OBJC_MSGSEND = YES;
				GCC_C_LANGUAGE_STANDARD = gnu99;
				GCC_NO_COMMON_BLOCKS = YES;
				GCC_WARN_64_TO_32_BIT_CONVERSION = YES;
				GCC_WARN_ABOUT_RETURN_TYPE = YES_ERROR;
				GCC_WARN_UNDECLARED_SELECTOR = YES;
				GCC_WARN_UNINITIALIZED_AUTOS = YES_AGGRESSIVE;
				GCC_WARN_UNUSED_FUNCTION = YES;
				GCC_WARN_UNUSED_VARIABLE = YES;
				IPHONEOS_DEPLOYMENT_TARGET = 9.3;
				MTL_ENABLE_DEBUG_INFO = NO;
				SDKROOT = iphoneos;
				SWIFT_OPTIMIZATION_LEVEL = "-Owholemodule";
				VALIDATE_PRODUCT = YES;
			};
			name = Release;
		};
		607FACF01AFB9204008FA782 /* Debug */ = {
			isa = XCBuildConfiguration;
			baseConfigurationReference = 5AB0FD3FD740F0258CE23537 /* Pods-RxRetroSwift_Example.debug.xcconfig */;
			buildSettings = {
				ASSETCATALOG_COMPILER_APPICON_NAME = AppIcon;
				CODE_SIGN_STYLE = Manual;
				DEVELOPMENT_TEAM = "";
				INFOPLIST_FILE = RxRetroSwift/Info.plist;
				IPHONEOS_DEPLOYMENT_TARGET = 10.0;
				LD_RUNPATH_SEARCH_PATHS = "$(inherited) @executable_path/Frameworks";
				MODULE_NAME = ExampleApp;
				PRODUCT_BUNDLE_IDENTIFIER = net.iamkel.rxretroswift;
				PRODUCT_NAME = "$(TARGET_NAME)";
				PROVISIONING_PROFILE_SPECIFIER = "";
				SWIFT_SWIFT3_OBJC_INFERENCE = Default;
				SWIFT_VERSION = 5.0;
			};
			name = Debug;
		};
		607FACF11AFB9204008FA782 /* Release */ = {
			isa = XCBuildConfiguration;
			baseConfigurationReference = EF9B5ADE7F9B0D6D52F6994A /* Pods-RxRetroSwift_Example.release.xcconfig */;
			buildSettings = {
				ASSETCATALOG_COMPILER_APPICON_NAME = AppIcon;
				CODE_SIGN_STYLE = Manual;
				DEVELOPMENT_TEAM = "";
				INFOPLIST_FILE = RxRetroSwift/Info.plist;
				IPHONEOS_DEPLOYMENT_TARGET = 10.0;
				LD_RUNPATH_SEARCH_PATHS = "$(inherited) @executable_path/Frameworks";
				MODULE_NAME = ExampleApp;
				PRODUCT_BUNDLE_IDENTIFIER = net.iamkel.rxretroswift;
				PRODUCT_NAME = "$(TARGET_NAME)";
				PROVISIONING_PROFILE_SPECIFIER = "";
				SWIFT_SWIFT3_OBJC_INFERENCE = Default;
				SWIFT_VERSION = 5.0;
			};
			name = Release;
		};
		A60A3D1A1FFFC36D00A2B078 /* Debug */ = {
			isa = XCBuildConfiguration;
			baseConfigurationReference = E5F3A02F2D8145F2CE325B3E /* Pods-RxRetroSwift_Tests.debug.xcconfig */;
			buildSettings = {
				BUNDLE_LOADER = "$(TEST_HOST)";
				CLANG_ANALYZER_NONNULL = YES;
				CLANG_ANALYZER_NUMBER_OBJECT_CONVERSION = YES_AGGRESSIVE;
				CLANG_CXX_LANGUAGE_STANDARD = "gnu++14";
				CLANG_WARN_DOCUMENTATION_COMMENTS = YES;
				CLANG_WARN_UNGUARDED_AVAILABILITY = YES_AGGRESSIVE;
				CODE_SIGN_IDENTITY = "iPhone Developer";
				CODE_SIGN_STYLE = Automatic;
				DEBUG_INFORMATION_FORMAT = dwarf;
				GCC_C_LANGUAGE_STANDARD = gnu11;
				INFOPLIST_FILE = RxRetroSwift_Tests/Info.plist;
				IPHONEOS_DEPLOYMENT_TARGET = 11.2;
				LD_RUNPATH_SEARCH_PATHS = "$(inherited) @executable_path/Frameworks @loader_path/Frameworks";
				PRODUCT_BUNDLE_IDENTIFIER = "net.iamkel.RxRetroSwift-Tests";
				PRODUCT_NAME = "$(TARGET_NAME)";
				SWIFT_ACTIVE_COMPILATION_CONDITIONS = DEBUG;
				SWIFT_VERSION = 5.0;
				TARGETED_DEVICE_FAMILY = "1,2";
				TEST_HOST = "$(BUILT_PRODUCTS_DIR)/RxRetroSwift_Example.app/RxRetroSwift_Example";
			};
			name = Debug;
		};
		A60A3D1B1FFFC36D00A2B078 /* Release */ = {
			isa = XCBuildConfiguration;
			baseConfigurationReference = A91DB85C9B71B9B2E9EB2E83 /* Pods-RxRetroSwift_Tests.release.xcconfig */;
			buildSettings = {
				BUNDLE_LOADER = "$(TEST_HOST)";
				CLANG_ANALYZER_NONNULL = YES;
				CLANG_ANALYZER_NUMBER_OBJECT_CONVERSION = YES_AGGRESSIVE;
				CLANG_CXX_LANGUAGE_STANDARD = "gnu++14";
				CLANG_WARN_DOCUMENTATION_COMMENTS = YES;
				CLANG_WARN_UNGUARDED_AVAILABILITY = YES_AGGRESSIVE;
				CODE_SIGN_IDENTITY = "iPhone Developer";
				CODE_SIGN_STYLE = Automatic;
				GCC_C_LANGUAGE_STANDARD = gnu11;
				INFOPLIST_FILE = RxRetroSwift_Tests/Info.plist;
				IPHONEOS_DEPLOYMENT_TARGET = 11.2;
				LD_RUNPATH_SEARCH_PATHS = "$(inherited) @executable_path/Frameworks @loader_path/Frameworks";
				PRODUCT_BUNDLE_IDENTIFIER = "net.iamkel.RxRetroSwift-Tests";
				PRODUCT_NAME = "$(TARGET_NAME)";
				SWIFT_VERSION = 5.0;
				TARGETED_DEVICE_FAMILY = "1,2";
				TEST_HOST = "$(BUILT_PRODUCTS_DIR)/RxRetroSwift_Example.app/RxRetroSwift_Example";
			};
			name = Release;
		};
/* End XCBuildConfiguration section */

/* Begin XCConfigurationList section */
		607FACCB1AFB9204008FA782 /* Build configuration list for PBXProject "RxRetroSwift" */ = {
			isa = XCConfigurationList;
			buildConfigurations = (
				607FACED1AFB9204008FA782 /* Debug */,
				607FACEE1AFB9204008FA782 /* Release */,
			);
			defaultConfigurationIsVisible = 0;
			defaultConfigurationName = Release;
		};
		607FACEF1AFB9204008FA782 /* Build configuration list for PBXNativeTarget "RxRetroSwift_Example" */ = {
			isa = XCConfigurationList;
			buildConfigurations = (
				607FACF01AFB9204008FA782 /* Debug */,
				607FACF11AFB9204008FA782 /* Release */,
			);
			defaultConfigurationIsVisible = 0;
			defaultConfigurationName = Release;
		};
		A60A3D191FFFC36D00A2B078 /* Build configuration list for PBXNativeTarget "RxRetroSwift_Tests" */ = {
			isa = XCConfigurationList;
			buildConfigurations = (
				A60A3D1A1FFFC36D00A2B078 /* Debug */,
				A60A3D1B1FFFC36D00A2B078 /* Release */,
			);
			defaultConfigurationIsVisible = 0;
			defaultConfigurationName = Release;
		};
/* End XCConfigurationList section */
	};
	rootObject = 607FACC81AFB9204008FA782 /* Project object */;
}
